{
  "name": "aoc2020",
  "version": "1.0.0",
  "lockfileVersion": 1,
  "requires": true,
  "dependencies": {
    "@types/node": {
      "version": "12.19.8",
      "resolved": "https://registry.npmjs.org/@types/node/-/node-12.19.8.tgz",
      "integrity": "sha512-D4k2kNi0URNBxIRCb1khTnkWNHv8KSL1owPmS/K5e5t8B2GzMReY7AsJIY1BnP5KdlgC4rj9jk2IkDMasIE7xg==",
      "dev": true
    },
    "get-caller-file": {
      "version": "2.0.5",
      "resolved": "https://registry.npmjs.org/get-caller-file/-/get-caller-file-2.0.5.tgz",
      "integrity": "sha512-DyFP3BM/3YHTQOCUL/w0OZHR0lpKeGrxotcHWcqNEdnltqFwXVfhEBQ94eIo34AfQpo0rGki4cyIiftY06h2Fg=="
    }
  }
}
